// !$*UTF8*$!
{
	archiveVersion = 1;
	classes = {
	};
	objectVersion = 56;
	objects = {

/* Begin PBXBuildFile section */
		D888D8A12AD40DD60004D11E /* RnMortyApiApp.swift in Sources */ = {isa = PBXBuildFile; fileRef = D888D8A02AD40DD60004D11E /* RnMortyApiApp.swift */; };
		D888D8A32AD40DD60004D11E /* ContentView.swift in Sources */ = {isa = PBXBuildFile; fileRef = D888D8A22AD40DD60004D11E /* ContentView.swift */; };
		D888D8A52AD40DD70004D11E /* Assets.xcassets in Resources */ = {isa = PBXBuildFile; fileRef = D888D8A42AD40DD70004D11E /* Assets.xcassets */; };
		D888D8A82AD40DD70004D11E /* Preview Assets.xcassets in Resources */ = {isa = PBXBuildFile; fileRef = D888D8A72AD40DD70004D11E /* Preview Assets.xcassets */; };
		D888D8B22AD40DD80004D11E /* RnMortyApiTests.swift in Sources */ = {isa = PBXBuildFile; fileRef = D888D8B12AD40DD80004D11E /* RnMortyApiTests.swift */; };
		D888D8BC2AD40DD80004D11E /* RnMortyApiUITests.swift in Sources */ = {isa = PBXBuildFile; fileRef = D888D8BB2AD40DD80004D11E /* RnMortyApiUITests.swift */; };
		D888D8BE2AD40DD80004D11E /* RnMortyApiUITestsLaunchTests.swift in Sources */ = {isa = PBXBuildFile; fileRef = D888D8BD2AD40DD80004D11E /* RnMortyApiUITestsLaunchTests.swift */; };
/* End PBXBuildFile section */

/* Begin PBXContainerItemProxy section */
		D888D8AE2AD40DD80004D11E /* PBXContainerItemProxy */ = {
			isa = PBXContainerItemProxy;
			containerPortal = D888D8952AD40DD60004D11E /* Project object */;
			proxyType = 1;
			remoteGlobalIDString = D888D89C2AD40DD60004D11E;
			remoteInfo = RnMortyApi;
		};
		D888D8B82AD40DD80004D11E /* PBXContainerItemProxy */ = {
			isa = PBXContainerItemProxy;
			containerPortal = D888D8952AD40DD60004D11E /* Project object */;
			proxyType = 1;
			remoteGlobalIDString = D888D89C2AD40DD60004D11E;
			remoteInfo = RnMortyApi;
		};
/* End PBXContainerItemProxy section */

/* Begin PBXFileReference section */
		D888D89D2AD40DD60004D11E /* RnMortyApi.app */ = {isa = PBXFileReference; explicitFileType = wrapper.application; includeInIndex = 0; path = RnMortyApi.app; sourceTree = BUILT_PRODUCTS_DIR; };
		D888D8A02AD40DD60004D11E /* RnMortyApiApp.swift */ = {isa = PBXFileReference; lastKnownFileType = sourcecode.swift; path = RnMortyApiApp.swift; sourceTree = "<group>"; };
		D888D8A22AD40DD60004D11E /* ContentView.swift */ = {isa = PBXFileReference; lastKnownFileType = sourcecode.swift; path = ContentView.swift; sourceTree = "<group>"; };
		D888D8A42AD40DD70004D11E /* Assets.xcassets */ = {isa = PBXFileReference; lastKnownFileType = folder.assetcatalog; path = Assets.xcassets; sourceTree = "<group>"; };
		D888D8A72AD40DD70004D11E /* Preview Assets.xcassets */ = {isa = PBXFileReference; lastKnownFileType = folder.assetcatalog; path = "Preview Assets.xcassets"; sourceTree = "<group>"; };
		D888D8AD2AD40DD80004D11E /* RnMortyApiTests.xctest */ = {isa = PBXFileReference; explicitFileType = wrapper.cfbundle; includeInIndex = 0; path = RnMortyApiTests.xctest; sourceTree = BUILT_PRODUCTS_DIR; };
		D888D8B12AD40DD80004D11E /* RnMortyApiTests.swift */ = {isa = PBXFileReference; lastKnownFileType = sourcecode.swift; path = RnMortyApiTests.swift; sourceTree = "<group>"; };
		D888D8B72AD40DD80004D11E /* RnMortyApiUITests.xctest */ = {isa = PBXFileReference; explicitFileType = wrapper.cfbundle; includeInIndex = 0; path = RnMortyApiUITests.xctest; sourceTree = BUILT_PRODUCTS_DIR; };
		D888D8BB2AD40DD80004D11E /* RnMortyApiUITests.swift */ = {isa = PBXFileReference; lastKnownFileType = sourcecode.swift; path = RnMortyApiUITests.swift; sourceTree = "<group>"; };
		D888D8BD2AD40DD80004D11E /* RnMortyApiUITestsLaunchTests.swift */ = {isa = PBXFileReference; lastKnownFileType = sourcecode.swift; path = RnMortyApiUITestsLaunchTests.swift; sourceTree = "<group>"; };
/* End PBXFileReference section */

/* Begin PBXFrameworksBuildPhase section */
		D888D89A2AD40DD60004D11E /* Frameworks */ = {
			isa = PBXFrameworksBuildPhase;
			buildActionMask = 2147483647;
			files = (
			);
			runOnlyForDeploymentPostprocessing = 0;
		};
		D888D8AA2AD40DD80004D11E /* Frameworks */ = {
			isa = PBXFrameworksBuildPhase;
			buildActionMask = 2147483647;
			files = (
			);
			runOnlyForDeploymentPostprocessing = 0;
		};
		D888D8B42AD40DD80004D11E /* Frameworks */ = {
			isa = PBXFrameworksBuildPhase;
			buildActionMask = 2147483647;
			files = (
			);
			runOnlyForDeploymentPostprocessing = 0;
		};
/* End PBXFrameworksBuildPhase section */

/* Begin PBXGroup section */
		D888D8942AD40DD60004D11E = {
			isa = PBXGroup;
			children = (
				D888D89F2AD40DD60004D11E /* RnMortyApi */,
				D888D8B02AD40DD80004D11E /* RnMortyApiTests */,
				D888D8BA2AD40DD80004D11E /* RnMortyApiUITests */,
				D888D89E2AD40DD60004D11E /* Products */,
			);
			sourceTree = "<group>";
		};
		D888D89E2AD40DD60004D11E /* Products */ = {
			isa = PBXGroup;
			children = (
				D888D89D2AD40DD60004D11E /* RnMortyApi.app */,
				D888D8AD2AD40DD80004D11E /* RnMortyApiTests.xctest */,
				D888D8B72AD40DD80004D11E /* RnMortyApiUITests.xctest */,
			);
			name = Products;
			sourceTree = "<group>";
		};
		D888D89F2AD40DD60004D11E /* RnMortyApi */ = {
			isa = PBXGroup;
			children = (
				D888D8A02AD40DD60004D11E /* RnMortyApiApp.swift */,
				D888D8A22AD40DD60004D11E /* ContentView.swift */,
				D888D8A42AD40DD70004D11E /* Assets.xcassets */,
				D888D8A62AD40DD70004D11E /* Preview Content */,
			);
			path = RnMortyApi;
			sourceTree = "<group>";
		};
		D888D8A62AD40DD70004D11E /* Preview Content */ = {
			isa = PBXGroup;
			children = (
				D888D8A72AD40DD70004D11E /* Preview Assets.xcassets */,
			);
			path = "Preview Content";
			sourceTree = "<group>";
		};
		D888D8B02AD40DD80004D11E /* RnMortyApiTests */ = {
			isa = PBXGroup;
			children = (
				D888D8B12AD40DD80004D11E /* RnMortyApiTests.swift */,
			);
			path = RnMortyApiTests;
			sourceTree = "<group>";
		};
		D888D8BA2AD40DD80004D11E /* RnMortyApiUITests */ = {
			isa = PBXGroup;
			children = (
				D888D8BB2AD40DD80004D11E /* RnMortyApiUITests.swift */,
				D888D8BD2AD40DD80004D11E /* RnMortyApiUITestsLaunchTests.swift */,
			);
			path = RnMortyApiUITests;
			sourceTree = "<group>";
		};
/* End PBXGroup section */

/* Begin PBXNativeTarget section */
		D888D89C2AD40DD60004D11E /* RnMortyApi */ = {
			isa = PBXNativeTarget;
			buildConfigurationList = D888D8C12AD40DD80004D11E /* Build configuration list for PBXNativeTarget "RnMortyApi" */;
			buildPhases = (
				D888D8992AD40DD60004D11E /* Sources */,
				D888D89A2AD40DD60004D11E /* Frameworks */,
				D888D89B2AD40DD60004D11E /* Resources */,
			);
			buildRules = (
			);
			dependencies = (
			);
			name = RnMortyApi;
			productName = RnMortyApi;
			productReference = D888D89D2AD40DD60004D11E /* RnMortyApi.app */;
			productType = "com.apple.product-type.application";
		};
		D888D8AC2AD40DD80004D11E /* RnMortyApiTests */ = {
			isa = PBXNativeTarget;
			buildConfigurationList = D888D8C42AD40DD80004D11E /* Build configuration list for PBXNativeTarget "RnMortyApiTests" */;
			buildPhases = (
				D888D8A92AD40DD80004D11E /* Sources */,
				D888D8AA2AD40DD80004D11E /* Frameworks */,
				D888D8AB2AD40DD80004D11E /* Resources */,
			);
			buildRules = (
			);
			dependencies = (
				D888D8AF2AD40DD80004D11E /* PBXTargetDependency */,
			);
			name = RnMortyApiTests;
			productName = RnMortyApiTests;
			productReference = D888D8AD2AD40DD80004D11E /* RnMortyApiTests.xctest */;
			productType = "com.apple.product-type.bundle.unit-test";
		};
		D888D8B62AD40DD80004D11E /* RnMortyApiUITests */ = {
			isa = PBXNativeTarget;
			buildConfigurationList = D888D8C72AD40DD80004D11E /* Build configuration list for PBXNativeTarget "RnMortyApiUITests" */;
			buildPhases = (
				D888D8B32AD40DD80004D11E /* Sources */,
				D888D8B42AD40DD80004D11E /* Frameworks */,
				D888D8B52AD40DD80004D11E /* Resources */,
			);
			buildRules = (
			);
			dependencies = (
				D888D8B92AD40DD80004D11E /* PBXTargetDependency */,
			);
			name = RnMortyApiUITests;
			productName = RnMortyApiUITests;
			productReference = D888D8B72AD40DD80004D11E /* RnMortyApiUITests.xctest */;
			productType = "com.apple.product-type.bundle.ui-testing";
		};
/* End PBXNativeTarget section */

/* Begin PBXProject section */
		D888D8952AD40DD60004D11E /* Project object */ = {
			isa = PBXProject;
			attributes = {
				BuildIndependentTargetsInParallel = 1;
				LastSwiftUpdateCheck = 1430;
				LastUpgradeCheck = 1430;
				TargetAttributes = {
					D888D89C2AD40DD60004D11E = {
						CreatedOnToolsVersion = 14.3.1;
					};
					D888D8AC2AD40DD80004D11E = {
						CreatedOnToolsVersion = 14.3.1;
						TestTargetID = D888D89C2AD40DD60004D11E;
					};
					D888D8B62AD40DD80004D11E = {
						CreatedOnToolsVersion = 14.3.1;
						TestTargetID = D888D89C2AD40DD60004D11E;
					};
				};
			};
			buildConfigurationList = D888D8982AD40DD60004D11E /* Build configuration list for PBXProject "RnMortyApi" */;
			compatibilityVersion = "Xcode 14.0";
			developmentRegion = en;
			hasScannedForEncodings = 0;
			knownRegions = (
				en,
				Base,
			);
			mainGroup = D888D8942AD40DD60004D11E;
			productRefGroup = D888D89E2AD40DD60004D11E /* Products */;
			projectDirPath = "";
			projectRoot = "";
			targets = (
				D888D89C2AD40DD60004D11E /* RnMortyApi */,
				D888D8AC2AD40DD80004D11E /* RnMortyApiTests */,
				D888D8B62AD40DD80004D11E /* RnMortyApiUITests */,
			);
		};
/* End PBXProject section */

/* Begin PBXResourcesBuildPhase section */
		D888D89B2AD40DD60004D11E /* Resources */ = {
			isa = PBXResourcesBuildPhase;
			buildActionMask = 2147483647;
			files = (
				D888D8A82AD40DD70004D11E /* Preview Assets.xcassets in Resources */,
				D888D8A52AD40DD70004D11E /* Assets.xcassets in Resources */,
			);
			runOnlyForDeploymentPostprocessing = 0;
		};
		D888D8AB2AD40DD80004D11E /* Resources */ = {
			isa = PBXResourcesBuildPhase;
			buildActionMask = 2147483647;
			files = (
			);
			runOnlyForDeploymentPostprocessing = 0;
		};
		D888D8B52AD40DD80004D11E /* Resources */ = {
			isa = PBXResourcesBuildPhase;
			buildActionMask = 2147483647;
			files = (
			);
			runOnlyForDeploymentPostprocessing = 0;
		};
/* End PBXResourcesBuildPhase section */

/* Begin PBXSourcesBuildPhase section */
		D888D8992AD40DD60004D11E /* Sources */ = {
			isa = PBXSourcesBuildPhase;
			buildActionMask = 2147483647;
			files = (
				D888D8A32AD40DD60004D11E /* ContentView.swift in Sources */,
				D888D8A12AD40DD60004D11E /* RnMortyApiApp.swift in Sources */,
			);
			runOnlyForDeploymentPostprocessing = 0;
		};
		D888D8A92AD40DD80004D11E /* Sources */ = {
			isa = PBXSourcesBuildPhase;
			buildActionMask = 2147483647;
			files = (
				D888D8B22AD40DD80004D11E /* RnMortyApiTests.swift in Sources */,
			);
			runOnlyForDeploymentPostprocessing = 0;
		};
		D888D8B32AD40DD80004D11E /* Sources */ = {
			isa = PBXSourcesBuildPhase;
			buildActionMask = 2147483647;
			files = (
				D888D8BC2AD40DD80004D11E /* RnMortyApiUITests.swift in Sources */,
				D888D8BE2AD40DD80004D11E /* RnMortyApiUITestsLaunchTests.swift in Sources */,
			);
			runOnlyForDeploymentPostprocessing = 0;
		};
/* End PBXSourcesBuildPhase section */

/* Begin PBXTargetDependency section */
		D888D8AF2AD40DD80004D11E /* PBXTargetDependency */ = {
			isa = PBXTargetDependency;
			target = D888D89C2AD40DD60004D11E /* RnMortyApi */;
			targetProxy = D888D8AE2AD40DD80004D11E /* PBXContainerItemProxy */;
		};
		D888D8B92AD40DD80004D11E /* PBXTargetDependency */ = {
			isa = PBXTargetDependency;
			target = D888D89C2AD40DD60004D11E /* RnMortyApi */;
			targetProxy = D888D8B82AD40DD80004D11E /* PBXContainerItemProxy */;
		};
/* End PBXTargetDependency section */

/* Begin XCBuildConfiguration section */
		D888D8BF2AD40DD80004D11E /* Debug */ = {
			isa = XCBuildConfiguration;
			buildSettings = {
				ALWAYS_SEARCH_USER_PATHS = NO;
				CLANG_ANALYZER_NONNULL = YES;
				CLANG_ANALYZER_NUMBER_OBJECT_CONVERSION = YES_AGGRESSIVE;
				CLANG_CXX_LANGUAGE_STANDARD = "gnu++20";
				CLANG_ENABLE_MODULES = YES;
				CLANG_ENABLE_OBJC_ARC = YES;
				CLANG_ENABLE_OBJC_WEAK = YES;
				CLANG_WARN_BLOCK_CAPTURE_AUTORELEASING = YES;
				CLANG_WARN_BOOL_CONVERSION = YES;
				CLANG_WARN_COMMA = YES;
				CLANG_WARN_CONSTANT_CONVERSION = YES;
				CLANG_WARN_DEPRECATED_OBJC_IMPLEMENTATIONS = YES;
				CLANG_WARN_DIRECT_OBJC_ISA_USAGE = YES_ERROR;
				CLANG_WARN_DOCUMENTATION_COMMENTS = YES;
				CLANG_WARN_EMPTY_BODY = YES;
				CLANG_WARN_ENUM_CONVERSION = YES;
				CLANG_WARN_INFINITE_RECURSION = YES;
				CLANG_WARN_INT_CONVERSION = YES;
				CLANG_WARN_NON_LITERAL_NULL_CONVERSION = YES;
				CLANG_WARN_OBJC_IMPLICIT_RETAIN_SELF = YES;
				CLANG_WARN_OBJC_LITERAL_CONVERSION = YES;
				CLANG_WARN_OBJC_ROOT_CLASS = YES_ERROR;
				CLANG_WARN_QUOTED_INCLUDE_IN_FRAMEWORK_HEADER = YES;
				CLANG_WARN_RANGE_LOOP_ANALYSIS = YES;
				CLANG_WARN_STRICT_PROTOTYPES = YES;
				CLANG_WARN_SUSPICIOUS_MOVE = YES;
				CLANG_WARN_UNGUARDED_AVAILABILITY = YES_AGGRESSIVE;
				CLANG_WARN_UNREACHABLE_CODE = YES;
				CLANG_WARN__DUPLICATE_METHOD_MATCH = YES;
				COPY_PHASE_STRIP = NO;
				DEBUG_INFORMATION_FORMAT = dwarf;
				ENABLE_STRICT_OBJC_MSGSEND = YES;
				ENABLE_TESTABILITY = YES;
				GCC_C_LANGUAGE_STANDARD = gnu11;
				GCC_DYNAMIC_NO_PIC = NO;
				GCC_NO_COMMON_BLOCKS = YES;
				GCC_OPTIMIZATION_LEVEL = 0;
				GCC_PREPROCESSOR_DEFINITIONS = (
					"DEBUG=1",
					"$(inherited)",
				);
				GCC_WARN_64_TO_32_BIT_CONVERSION = YES;
				GCC_WARN_ABOUT_RETURN_TYPE = YES_ERROR;
				GCC_WARN_UNDECLARED_SELECTOR = YES;
				GCC_WARN_UNINITIALIZED_AUTOS = YES_AGGRESSIVE;
				GCC_WARN_UNUSED_FUNCTION = YES;
				GCC_WARN_UNUSED_VARIABLE = YES;
				IPHONEOS_DEPLOYMENT_TARGET = 16.4;
				MTL_ENABLE_DEBUG_INFO = INCLUDE_SOURCE;
				MTL_FAST_MATH = YES;
				ONLY_ACTIVE_ARCH = YES;
				SDKROOT = iphoneos;
				SWIFT_ACTIVE_COMPILATION_CONDITIONS = DEBUG;
				SWIFT_OPTIMIZATION_LEVEL = "-Onone";
			};
			name = Debug;
		};
		D888D8C02AD40DD80004D11E /* Release */ = {
			isa = XCBuildConfiguration;
			buildSettings = {
				ALWAYS_SEARCH_USER_PATHS = NO;
				CLANG_ANALYZER_NONNULL = YES;
				CLANG_ANALYZER_NUMBER_OBJECT_CONVERSION = YES_AGGRESSIVE;
				CLANG_CXX_LANGUAGE_STANDARD = "gnu++20";
				CLANG_ENABLE_MODULES = YES;
				CLANG_ENABLE_OBJC_ARC = YES;
				CLANG_ENABLE_OBJC_WEAK = YES;
				CLANG_WARN_BLOCK_CAPTURE_AUTORELEASING = YES;
				CLANG_WARN_BOOL_CONVERSION = YES;
				CLANG_WARN_COMMA = YES;
				CLANG_WARN_CONSTANT_CONVERSION = YES;
				CLANG_WARN_DEPRECATED_OBJC_IMPLEMENTATIONS = YES;
				CLANG_WARN_DIRECT_OBJC_ISA_USAGE = YES_ERROR;
				CLANG_WARN_DOCUMENTATION_COMMENTS = YES;
				CLANG_WARN_EMPTY_BODY = YES;
				CLANG_WARN_ENUM_CONVERSION = YES;
				CLANG_WARN_INFINITE_RECURSION = YES;
				CLANG_WARN_INT_CONVERSION = YES;
				CLANG_WARN_NON_LITERAL_NULL_CONVERSION = YES;
				CLANG_WARN_OBJC_IMPLICIT_RETAIN_SELF = YES;
				CLANG_WARN_OBJC_LITERAL_CONVERSION = YES;
				CLANG_WARN_OBJC_ROOT_CLASS = YES_ERROR;
				CLANG_WARN_QUOTED_INCLUDE_IN_FRAMEWORK_HEADER = YES;
				CLANG_WARN_RANGE_LOOP_ANALYSIS = YES;
				CLANG_WARN_STRICT_PROTOTYPES = YES;
				CLANG_WARN_SUSPICIOUS_MOVE = YES;
				CLANG_WARN_UNGUARDED_AVAILABILITY = YES_AGGRESSIVE;
				CLANG_WARN_UNREACHABLE_CODE = YES;
				CLANG_WARN__DUPLICATE_METHOD_MATCH = YES;
				COPY_PHASE_STRIP = NO;
				DEBUG_INFORMATION_FORMAT = "dwarf-with-dsym";
				ENABLE_NS_ASSERTIONS = NO;
				ENABLE_STRICT_OBJC_MSGSEND = YES;
				GCC_C_LANGUAGE_STANDARD = gnu11;
				GCC_NO_COMMON_BLOCKS = YES;
				GCC_WARN_64_TO_32_BIT_CONVERSION = YES;
				GCC_WARN_ABOUT_RETURN_TYPE = YES_ERROR;
				GCC_WARN_UNDECLARED_SELECTOR = YES;
				GCC_WARN_UNINITIALIZED_AUTOS = YES_AGGRESSIVE;
				GCC_WARN_UNUSED_FUNCTION = YES;
				GCC_WARN_UNUSED_VARIABLE = YES;
				IPHONEOS_DEPLOYMENT_TARGET = 16.4;
				MTL_ENABLE_DEBUG_INFO = NO;
				MTL_FAST_MATH = YES;
				SDKROOT = iphoneos;
				SWIFT_COMPILATION_MODE = wholemodule;
				SWIFT_OPTIMIZATION_LEVEL = "-O";
				VALIDATE_PRODUCT = YES;
			};
			name = Release;
		};
		D888D8C22AD40DD80004D11E /* Debug */ = {
			isa = XCBuildConfiguration;
			buildSettings = {
				ASSETCATALOG_COMPILER_APPICON_NAME = AppIcon;
				ASSETCATALOG_COMPILER_GLOBAL_ACCENT_COLOR_NAME = AccentColor;
				CODE_SIGN_STYLE = Automatic;
				CURRENT_PROJECT_VERSION = 1;
				DEVELOPMENT_ASSET_PATHS = "\"RnMortyApi/Preview Content\"";
				DEVELOPMENT_TEAM = JAH875P58S;
				ENABLE_PREVIEWS = YES;
				GENERATE_INFOPLIST_FILE = YES;
				INFOPLIST_KEY_UIApplicationSceneManifest_Generation = YES;
				INFOPLIST_KEY_UIApplicationSupportsIndirectInputEvents = YES;
				INFOPLIST_KEY_UILaunchScreen_Generation = YES;
				INFOPLIST_KEY_UISupportedInterfaceOrientations_iPad = "UIInterfaceOrientationPortrait UIInterfaceOrientationPortraitUpsideDown UIInterfaceOrientationLandscapeLeft UIInterfaceOrientationLandscapeRight";
				INFOPLIST_KEY_UISupportedInterfaceOrientations_iPhone = "UIInterfaceOrientationPortrait UIInterfaceOrientationLandscapeLeft UIInterfaceOrientationLandscapeRight";
				LD_RUNPATH_SEARCH_PATHS = (
					"$(inherited)",
					"@executable_path/Frameworks",
				);
				MARKETING_VERSION = 1.0;
				PRODUCT_BUNDLE_IDENTIFIER = "Gb-games.RnMortyApi";
				PRODUCT_NAME = "$(TARGET_NAME)";
				SWIFT_EMIT_LOC_STRINGS = YES;
				SWIFT_VERSION = 5.0;
				TARGETED_DEVICE_FAMILY = "1,2";
			};
			name = Debug;
		};
		D888D8C32AD40DD80004D11E /* Release */ = {
			isa = XCBuildConfiguration;
			buildSettings = {
				ASSETCATALOG_COMPILER_APPICON_NAME = AppIcon;
				ASSETCATALOG_COMPILER_GLOBAL_ACCENT_COLOR_NAME = AccentColor;
				CODE_SIGN_STYLE = Automatic;
				CURRENT_PROJECT_VERSION = 1;
				DEVELOPMENT_ASSET_PATHS = "\"RnMortyApi/Preview Content\"";
				DEVELOPMENT_TEAM = JAH875P58S;
				ENABLE_PREVIEWS = YES;
				GENERATE_INFOPLIST_FILE = YES;
				INFOPLIST_KEY_UIApplicationSceneManifest_Generation = YES;
				INFOPLIST_KEY_UIApplicationSupportsIndirectInputEvents = YES;
				INFOPLIST_KEY_UILaunchScreen_Generation = YES;
				INFOPLIST_KEY_UISupportedInterfaceOrientations_iPad = "UIInterfaceOrientationPortrait UIInterfaceOrientationPortraitUpsideDown UIInterfaceOrientationLandscapeLeft UIInterfaceOrientationLandscapeRight";
				INFOPLIST_KEY_UISupportedInterfaceOrientations_iPhone = "UIInterfaceOrientationPortrait UIInterfaceOrientationLandscapeLeft UIInterfaceOrientationLandscapeRight";
				LD_RUNPATH_SEARCH_PATHS = (
					"$(inherited)",
					"@executable_path/Frameworks",
				);
				MARKETING_VERSION = 1.0;
				PRODUCT_BUNDLE_IDENTIFIER = "Gb-games.RnMortyApi";
				PRODUCT_NAME = "$(TARGET_NAME)";
				SWIFT_EMIT_LOC_STRINGS = YES;
				SWIFT_VERSION = 5.0;
				TARGETED_DEVICE_FAMILY = "1,2";
			};
			name = Release;
		};
		D888D8C52AD40DD80004D11E /* Debug */ = {
			isa = XCBuildConfiguration;
			buildSettings = {
				ALWAYS_EMBED_SWIFT_STANDARD_LIBRARIES = YES;
				BUNDLE_LOADER = "$(TEST_HOST)";
				CODE_SIGN_STYLE = Automatic;
				CURRENT_PROJECT_VERSION = 1;
				DEVELOPMENT_TEAM = JAH875P58S;
				GENERATE_INFOPLIST_FILE = YES;
				IPHONEOS_DEPLOYMENT_TARGET = 16.4;
				MARKETING_VERSION = 1.0;
				PRODUCT_BUNDLE_IDENTIFIER = "Gb-games.RnMortyApiTests";
				PRODUCT_NAME = "$(TARGET_NAME)";
				SWIFT_EMIT_LOC_STRINGS = NO;
				SWIFT_VERSION = 5.0;
				TARGETED_DEVICE_FAMILY = "1,2";
				TEST_HOST = "$(BUILT_PRODUCTS_DIR)/RnMortyApi.app/$(BUNDLE_EXECUTABLE_FOLDER_PATH)/RnMortyApi";
			};
			name = Debug;
		};
		D888D8C62AD40DD80004D11E /* Release */ = {
			isa = XCBuildConfiguration;
			buildSettings = {
				ALWAYS_EMBED_SWIFT_STANDARD_LIBRARIES = YES;
				BUNDLE_LOADER = "$(TEST_HOST)";
				CODE_SIGN_STYLE = Automatic;
				CURRENT_PROJECT_VERSION = 1;
				DEVELOPMENT_TEAM = JAH875P58S;
				GENERATE_INFOPLIST_FILE = YES;
				IPHONEOS_DEPLOYMENT_TARGET = 16.4;
				MARKETING_VERSION = 1.0;
				PRODUCT_BUNDLE_IDENTIFIER = "Gb-games.RnMortyApiTests";
				PRODUCT_NAME = "$(TARGET_NAME)";
				SWIFT_EMIT_LOC_STRINGS = NO;
				SWIFT_VERSION = 5.0;
				TARGETED_DEVICE_FAMILY = "1,2";
				TEST_HOST = "$(BUILT_PRODUCTS_DIR)/RnMortyApi.app/$(BUNDLE_EXECUTABLE_FOLDER_PATH)/RnMortyApi";
			};
			name = Release;
		};
		D888D8C82AD40DD80004D11E /* Debug */ = {
			isa = XCBuildConfiguration;
			buildSettings = {
				ALWAYS_EMBED_SWIFT_STANDARD_LIBRARIES = YES;
				CODE_SIGN_STYLE = Automatic;
				CURRENT_PROJECT_VERSION = 1;
				DEVELOPMENT_TEAM = JAH875P58S;
				GENERATE_INFOPLIST_FILE = YES;
				MARKETING_VERSION = 1.0;
				PRODUCT_BUNDLE_IDENTIFIER = "Gb-games.RnMortyApiUITests";
				PRODUCT_NAME = "$(TARGET_NAME)";
				SWIFT_EMIT_LOC_STRINGS = NO;
				SWIFT_VERSION = 5.0;
				TARGETED_DEVICE_FAMILY = "1,2";
				TEST_TARGET_NAME = RnMortyApi;
			};
			name = Debug;
		};
		D888D8C92AD40DD80004D11E /* Release */ = {
			isa = XCBuildConfiguration;
			buildSettings = {
				ALWAYS_EMBED_SWIFT_STANDARD_LIBRARIES = YES;
				CODE_SIGN_STYLE = Automatic;
				CURRENT_PROJECT_VERSION = 1;
				DEVELOPMENT_TEAM = JAH875P58S;
				GENERATE_INFOPLIST_FILE = YES;
				MARKETING_VERSION = 1.0;
				PRODUCT_BUNDLE_IDENTIFIER = "Gb-games.RnMortyApiUITests";
				PRODUCT_NAME = "$(TARGET_NAME)";
				SWIFT_EMIT_LOC_STRINGS = NO;
				SWIFT_VERSION = 5.0;
				TARGETED_DEVICE_FAMILY = "1,2";
				TEST_TARGET_NAME = RnMortyApi;
			};
			name = Release;
		};
/* End XCBuildConfiguration section */

/* Begin XCConfigurationList section */
		D888D8982AD40DD60004D11E /* Build configuration list for PBXProject "RnMortyApi" */ = {
			isa = XCConfigurationList;
			buildConfigurations = (
				D888D8BF2AD40DD80004D11E /* Debug */,
				D888D8C02AD40DD80004D11E /* Release */,
			);
			defaultConfigurationIsVisible = 0;
			defaultConfigurationName = Release;
		};
		D888D8C12AD40DD80004D11E /* Build configuration list for PBXNativeTarget "RnMortyApi" */ = {
			isa = XCConfigurationList;
			buildConfigurations = (
				D888D8C22AD40DD80004D11E /* Debug */,
				D888D8C32AD40DD80004D11E /* Release */,
			);
			defaultConfigurationIsVisible = 0;
			defaultConfigurationName = Release;
		};
		D888D8C42AD40DD80004D11E /* Build configuration list for PBXNativeTarget "RnMortyApiTests" */ = {
			isa = XCConfigurationList;
			buildConfigurations = (
				D888D8C52AD40DD80004D11E /* Debug */,
				D888D8C62AD40DD80004D11E /* Release */,
			);
			defaultConfigurationIsVisible = 0;
			defaultConfigurationName = Release;
		};
		D888D8C72AD40DD80004D11E /* Build configuration list for PBXNativeTarget "RnMortyApiUITests" */ = {
			isa = XCConfigurationList;
			buildConfigurations = (
				D888D8C82AD40DD80004D11E /* Debug */,
				D888D8C92AD40DD80004D11E /* Release */,
			);
			defaultConfigurationIsVisible = 0;
			defaultConfigurationName = Release;
		};
/* End XCConfigurationList section */
	};
	rootObject = D888D8952AD40DD60004D11E /* Project object */;
}
